
Microsoft Visual Studio Solution File, Format Version 12.00
# Visual Studio Version 17
VisualStudioVersion = 17.0.32126.317
MinimumVisualStudioVersion = 10.0.40219.1
Project("{FAE04EC0-301F-11D3-BF4B-00C04F79EFBC}") = "TrainCarAPI", "TrainCarAPI\TrainCarAPI.csproj", "{D047854E-6EFF-49AE-8E82-9FADD1D7F8EA}"
EndProject
Global
	GlobalSection(SolutionConfigurationPlatforms) = preSolution
		Debug|Any CPU = Debug|Any CPU
		Release|Any CPU = Release|Any CPU
	EndGlobalSection
	GlobalSection(ProjectConfigurationPlatforms) = postSolution
		{D047854E-6EFF-49AE-8E82-9FADD1D7F8EA}.Debug|Any CPU.ActiveCfg = Debug|Any CPU
		{D047854E-6EFF-49AE-8E82-9FADD1D7F8EA}.Debug|Any CPU.Build.0 = Debug|Any CPU
		{D047854E-6EFF-49AE-8E82-9FADD1D7F8EA}.Release|Any CPU.ActiveCfg = Release|Any CPU
		{D047854E-6EFF-49AE-8E82-9FADD1D7F8EA}.Release|Any CPU.Build.0 = Release|Any CPU
	EndGlobalSection
	GlobalSection(SolutionProperties) = preSolution
		HideSolutionNode = FALSE
	EndGlobalSection
	GlobalSection(ExtensibilityGlobals) = postSolution
		SolutionGuid = {D21DE72B-10A0-4F9E-87A6-EAB5DBEF1676}
	EndGlobalSection
EndGlobal
